
Microsoft Visual Studio Solution File, Format Version 12.00
# Visual Studio Version 17
VisualStudioVersion = 17.0.31717.71
MinimumVisualStudioVersion = 10.0.40219.1
Project("{2150E333-8FDC-42A3-9474-1A3956D46DE8}") = "Core", "Core", "{09C8DFC3-AB9C-41E0-B6DA-A749B3C0F8B2}"
EndProject
Project("{2150E333-8FDC-42A3-9474-1A3956D46DE8}") = "Infrastructure", "Infrastructure", "{049C5173-9E78-4ABD-96FE-01C22DE75D35}"
EndProject
Project("{2150E333-8FDC-42A3-9474-1A3956D46DE8}") = "Presentation", "Presentation", "{103DA492-51E7-4567-9873-9375EA826891}"
EndProject
Project("{9A19103F-16F7-4668-BE54-9A1E7A4F7556}") = "Domain", "Domain\Domain.csproj", "{0F935EA5-776E-4961-8031-897D488F96FE}"
EndProject
Project("{9A19103F-16F7-4668-BE54-9A1E7A4F7556}") = "Application", "Application\Application.csproj", "{34E6C30C-C2C5-48D0-A9E5-ADF27239F6A8}"
EndProject
Project("{9A19103F-16F7-4668-BE54-9A1E7A4F7556}") = "Persistance", "Persistance\Persistance.csproj", "{925FCE8E-A6C4-4B0E-AC07-30928A715DBB}"
EndProject
Project("{9A19103F-16F7-4668-BE54-9A1E7A4F7556}") = "WebApi", "WebApi\WebApi.csproj", "{FDD3A237-29A6-43F1-8EF6-062BF0CF9944}"
EndProject
Project("{9A19103F-16F7-4668-BE54-9A1E7A4F7556}") = "RoomBook_OA_UI", "RoomBook_OA_UI\RoomBook_OA_UI.csproj", "{EFB5B608-41BE-47E2-BDA1-D9FA2A020B4B}"
EndProject
Project("{9A19103F-16F7-4668-BE54-9A1E7A4F7556}") = "Application.Shared", "Application.Shared\Application.Shared.csproj", "{276C42FA-08BB-4BDB-9D5E-1DE8F1854431}"
EndProject
Project("{9A19103F-16F7-4668-BE54-9A1E7A4F7556}") = "RoomBook_OA.Tests", "RoomBook_Tests\RoomBook_OA.Tests.csproj", "{82671A6A-BD73-4473-8273-B0663355F91A}"
EndProject
Project("{FAE04EC0-301F-11D3-BF4B-00C04F79EFBC}") = "Application.Tests", "Application.Tests\Application.Tests.csproj", "{454C129B-D4C7-4B6E-8BE2-1E37EE535D59}"
EndProject
Project("{FAE04EC0-301F-11D3-BF4B-00C04F79EFBC}") = "RoomBookApiClient", "RoomBookApiClient\RoomBookApiClient.csproj", "{D24AF49C-EF22-4F13-96B2-43C85D35F3CC}"
EndProject
Global
	GlobalSection(SolutionConfigurationPlatforms) = preSolution
		Debug|Any CPU = Debug|Any CPU
		Release|Any CPU = Release|Any CPU
	EndGlobalSection
	GlobalSection(ProjectConfigurationPlatforms) = postSolution
		{0F935EA5-776E-4961-8031-897D488F96FE}.Debug|Any CPU.ActiveCfg = Debug|Any CPU
		{0F935EA5-776E-4961-8031-897D488F96FE}.Debug|Any CPU.Build.0 = Debug|Any CPU
		{0F935EA5-776E-4961-8031-897D488F96FE}.Release|Any CPU.ActiveCfg = Release|Any CPU
		{0F935EA5-776E-4961-8031-897D488F96FE}.Release|Any CPU.Build.0 = Release|Any CPU
		{34E6C30C-C2C5-48D0-A9E5-ADF27239F6A8}.Debug|Any CPU.ActiveCfg = Debug|Any CPU
		{34E6C30C-C2C5-48D0-A9E5-ADF27239F6A8}.Debug|Any CPU.Build.0 = Debug|Any CPU
		{34E6C30C-C2C5-48D0-A9E5-ADF27239F6A8}.Release|Any CPU.ActiveCfg = Release|Any CPU
		{34E6C30C-C2C5-48D0-A9E5-ADF27239F6A8}.Release|Any CPU.Build.0 = Release|Any CPU
		{925FCE8E-A6C4-4B0E-AC07-30928A715DBB}.Debug|Any CPU.ActiveCfg = Debug|Any CPU
		{925FCE8E-A6C4-4B0E-AC07-30928A715DBB}.Debug|Any CPU.Build.0 = Debug|Any CPU
		{925FCE8E-A6C4-4B0E-AC07-30928A715DBB}.Release|Any CPU.ActiveCfg = Release|Any CPU
		{925FCE8E-A6C4-4B0E-AC07-30928A715DBB}.Release|Any CPU.Build.0 = Release|Any CPU
		{FDD3A237-29A6-43F1-8EF6-062BF0CF9944}.Debug|Any CPU.ActiveCfg = Debug|Any CPU
		{FDD3A237-29A6-43F1-8EF6-062BF0CF9944}.Debug|Any CPU.Build.0 = Debug|Any CPU
		{FDD3A237-29A6-43F1-8EF6-062BF0CF9944}.Release|Any CPU.ActiveCfg = Release|Any CPU
		{FDD3A237-29A6-43F1-8EF6-062BF0CF9944}.Release|Any CPU.Build.0 = Release|Any CPU
		{EFB5B608-41BE-47E2-BDA1-D9FA2A020B4B}.Debug|Any CPU.ActiveCfg = Debug|Any CPU
		{EFB5B608-41BE-47E2-BDA1-D9FA2A020B4B}.Debug|Any CPU.Build.0 = Debug|Any CPU
		{EFB5B608-41BE-47E2-BDA1-D9FA2A020B4B}.Release|Any CPU.ActiveCfg = Release|Any CPU
		{EFB5B608-41BE-47E2-BDA1-D9FA2A020B4B}.Release|Any CPU.Build.0 = Release|Any CPU
		{276C42FA-08BB-4BDB-9D5E-1DE8F1854431}.Debug|Any CPU.ActiveCfg = Debug|Any CPU
		{276C42FA-08BB-4BDB-9D5E-1DE8F1854431}.Debug|Any CPU.Build.0 = Debug|Any CPU
		{276C42FA-08BB-4BDB-9D5E-1DE8F1854431}.Release|Any CPU.ActiveCfg = Release|Any CPU
		{276C42FA-08BB-4BDB-9D5E-1DE8F1854431}.Release|Any CPU.Build.0 = Release|Any CPU
		{82671A6A-BD73-4473-8273-B0663355F91A}.Debug|Any CPU.ActiveCfg = Debug|Any CPU
		{82671A6A-BD73-4473-8273-B0663355F91A}.Debug|Any CPU.Build.0 = Debug|Any CPU
		{82671A6A-BD73-4473-8273-B0663355F91A}.Release|Any CPU.ActiveCfg = Release|Any CPU
		{82671A6A-BD73-4473-8273-B0663355F91A}.Release|Any CPU.Build.0 = Release|Any CPU
		{454C129B-D4C7-4B6E-8BE2-1E37EE535D59}.Debug|Any CPU.ActiveCfg = Debug|Any CPU
		{454C129B-D4C7-4B6E-8BE2-1E37EE535D59}.Debug|Any CPU.Build.0 = Debug|Any CPU
		{454C129B-D4C7-4B6E-8BE2-1E37EE535D59}.Release|Any CPU.ActiveCfg = Release|Any CPU
		{454C129B-D4C7-4B6E-8BE2-1E37EE535D59}.Release|Any CPU.Build.0 = Release|Any CPU
		{D24AF49C-EF22-4F13-96B2-43C85D35F3CC}.Debug|Any CPU.ActiveCfg = Debug|Any CPU
		{D24AF49C-EF22-4F13-96B2-43C85D35F3CC}.Debug|Any CPU.Build.0 = Debug|Any CPU
		{D24AF49C-EF22-4F13-96B2-43C85D35F3CC}.Release|Any CPU.ActiveCfg = Release|Any CPU
		{D24AF49C-EF22-4F13-96B2-43C85D35F3CC}.Release|Any CPU.Build.0 = Release|Any CPU
	EndGlobalSection
	GlobalSection(SolutionProperties) = preSolution
		HideSolutionNode = FALSE
	EndGlobalSection
	GlobalSection(NestedProjects) = preSolution
		{0F935EA5-776E-4961-8031-897D488F96FE} = {09C8DFC3-AB9C-41E0-B6DA-A749B3C0F8B2}
		{34E6C30C-C2C5-48D0-A9E5-ADF27239F6A8} = {09C8DFC3-AB9C-41E0-B6DA-A749B3C0F8B2}
		{925FCE8E-A6C4-4B0E-AC07-30928A715DBB} = {049C5173-9E78-4ABD-96FE-01C22DE75D35}
		{FDD3A237-29A6-43F1-8EF6-062BF0CF9944} = {103DA492-51E7-4567-9873-9375EA826891}
		{EFB5B608-41BE-47E2-BDA1-D9FA2A020B4B} = {103DA492-51E7-4567-9873-9375EA826891}
		{276C42FA-08BB-4BDB-9D5E-1DE8F1854431} = {09C8DFC3-AB9C-41E0-B6DA-A749B3C0F8B2}
		{D24AF49C-EF22-4F13-96B2-43C85D35F3CC} = {09C8DFC3-AB9C-41E0-B6DA-A749B3C0F8B2}
	EndGlobalSection
	GlobalSection(ExtensibilityGlobals) = postSolution
		SolutionGuid = {AE0C6275-DE5E-4BAB-BFC5-268CBAF1379D}
	EndGlobalSection
EndGlobal
